
Microsoft Visual Studio Solution File, Format Version 12.00
# Visual Studio 15
VisualStudioVersion = 15.0.28307.1705
MinimumVisualStudioVersion = 10.0.40219.1
Project("{FAE04EC0-301F-11D3-BF4B-00C04F79EFBC}") = "ticTacToe", "ticTacToe\ticTacToe.csproj", "{72182449-78A9-4D25-930D-383925D99991}"
EndProject
Global
	GlobalSection(SolutionConfigurationPlatforms) = preSolution
		Debug|Any CPU = Debug|Any CPU
		Release|Any CPU = Release|Any CPU
	EndGlobalSection
	GlobalSection(ProjectConfigurationPlatforms) = postSolution
		{72182449-78A9-4D25-930D-383925D99991}.Debug|Any CPU.ActiveCfg = Debug|Any CPU
		{72182449-78A9-4D25-930D-383925D99991}.Debug|Any CPU.Build.0 = Debug|Any CPU
		{72182449-78A9-4D25-930D-383925D99991}.Release|Any CPU.ActiveCfg = Release|Any CPU
		{72182449-78A9-4D25-930D-383925D99991}.Release|Any CPU.Build.0 = Release|Any CPU
	EndGlobalSection
	GlobalSection(SolutionProperties) = preSolution
		HideSolutionNode = FALSE
	EndGlobalSection
	GlobalSection(ExtensibilityGlobals) = postSolution
		SolutionGuid = {E42BF09F-295C-4074-96FD-B72239A2EDBB}
	EndGlobalSection
EndGlobal
